// !$*UTF8*$!
{
	archiveVersion = 1;
	classes = {
	};
	objectVersion = 46;
	objects = {

/* Begin PBXBuildFile section */
		AC45D9C31CF2AE8D00391A3F /* main.cpp in Sources */ = {isa = PBXBuildFile; fileRef = AC45D9C21CF2AE8D00391A3F /* main.cpp */; };
		AC45D9CA1CF2DFAE00391A3F /* vec3.h in Sources */ = {isa = PBXBuildFile; fileRef = AC45D9C91CF2DFAD00391A3F /* vec3.h */; };
		AC58029C1CF61E1A00F084BB /* vec3.cpp in Sources */ = {isa = PBXBuildFile; fileRef = AC58029B1CF61E1A00F084BB /* vec3.cpp */; };
		AC58029F1CF626AF00F084BB /* ray.cpp in Sources */ = {isa = PBXBuildFile; fileRef = AC58029E1CF626AF00F084BB /* ray.cpp */; };
/* End PBXBuildFile section */

/* Begin PBXCopyFilesBuildPhase section */
		AC45D9BD1CF2AE8C00391A3F /* CopyFiles */ = {
			isa = PBXCopyFilesBuildPhase;
			buildActionMask = 2147483647;
			dstPath = /usr/share/man/man1/;
			dstSubfolderSpec = 0;
			files = (
			);
			runOnlyForDeploymentPostprocessing = 1;
		};
/* End PBXCopyFilesBuildPhase section */

/* Begin PBXFileReference section */
		AC45D9BF1CF2AE8C00391A3F /* rayTracer */ = {isa = PBXFileReference; explicitFileType = "compiled.mach-o.executable"; includeInIndex = 0; path = rayTracer; sourceTree = BUILT_PRODUCTS_DIR; };
		AC45D9C21CF2AE8D00391A3F /* main.cpp */ = {isa = PBXFileReference; lastKnownFileType = sourcecode.cpp.cpp; path = main.cpp; sourceTree = "<group>"; };
		AC45D9C91CF2DFAD00391A3F /* vec3.h */ = {isa = PBXFileReference; fileEncoding = 4; lastKnownFileType = sourcecode.c.h; path = vec3.h; sourceTree = "<group>"; };
		AC58029B1CF61E1A00F084BB /* vec3.cpp */ = {isa = PBXFileReference; fileEncoding = 4; lastKnownFileType = sourcecode.cpp.cpp; path = vec3.cpp; sourceTree = "<group>"; };
		AC58029D1CF626A300F084BB /* ray.h */ = {isa = PBXFileReference; fileEncoding = 4; lastKnownFileType = sourcecode.c.h; path = ray.h; sourceTree = "<group>"; };
		AC58029E1CF626AF00F084BB /* ray.cpp */ = {isa = PBXFileReference; fileEncoding = 4; lastKnownFileType = sourcecode.cpp.cpp; path = ray.cpp; sourceTree = "<group>"; };
/* End PBXFileReference section */

/* Begin PBXFrameworksBuildPhase section */
		AC45D9BC1CF2AE8C00391A3F /* Frameworks */ = {
			isa = PBXFrameworksBuildPhase;
			buildActionMask = 2147483647;
			files = (
			);
			runOnlyForDeploymentPostprocessing = 0;
		};
/* End PBXFrameworksBuildPhase section */

/* Begin PBXGroup section */
		AC45D9B61CF2AE8C00391A3F = {
			isa = PBXGroup;
			children = (
				AC45D9C11CF2AE8C00391A3F /* rayTracer */,
				AC45D9C01CF2AE8C00391A3F /* Products */,
			);
			sourceTree = "<group>";
		};
		AC45D9C01CF2AE8C00391A3F /* Products */ = {
			isa = PBXGroup;
			children = (
				AC45D9BF1CF2AE8C00391A3F /* rayTracer */,
			);
			name = Products;
			sourceTree = "<group>";
		};
		AC45D9C11CF2AE8C00391A3F /* rayTracer */ = {
			isa = PBXGroup;
			children = (
				AC45D9C21CF2AE8D00391A3F /* main.cpp */,
				AC45D9C91CF2DFAD00391A3F /* vec3.h */,
				AC58029B1CF61E1A00F084BB /* vec3.cpp */,
				AC58029D1CF626A300F084BB /* ray.h */,
				AC58029E1CF626AF00F084BB /* ray.cpp */,
			);
			path = rayTracer;
			sourceTree = "<group>";
		};
/* End PBXGroup section */

/* Begin PBXNativeTarget section */
		AC45D9BE1CF2AE8C00391A3F /* rayTracer */ = {
			isa = PBXNativeTarget;
			buildConfigurationList = AC45D9C61CF2AE8D00391A3F /* Build configuration list for PBXNativeTarget "rayTracer" */;
			buildPhases = (
				AC45D9BB1CF2AE8C00391A3F /* Sources */,
				AC45D9BC1CF2AE8C00391A3F /* Frameworks */,
				AC45D9BD1CF2AE8C00391A3F /* CopyFiles */,
			);
			buildRules = (
			);
			dependencies = (
			);
			name = rayTracer;
			productName = rayTracer;
			productReference = AC45D9BF1CF2AE8C00391A3F /* rayTracer */;
			productType = "com.apple.product-type.tool";
		};
/* End PBXNativeTarget section */

/* Begin PBXProject section */
		AC45D9B71CF2AE8C00391A3F /* Project object */ = {
			isa = PBXProject;
			attributes = {
				LastUpgradeCheck = 0720;
				ORGANIZATIONNAME = "Markus Ristich";
				TargetAttributes = {
					AC45D9BE1CF2AE8C00391A3F = {
						CreatedOnToolsVersion = 7.2.1;
					};
				};
			};
			buildConfigurationList = AC45D9BA1CF2AE8C00391A3F /* Build configuration list for PBXProject "rayTracer" */;
			compatibilityVersion = "Xcode 3.2";
			developmentRegion = English;
			hasScannedForEncodings = 0;
			knownRegions = (
				en,
			);
			mainGroup = AC45D9B61CF2AE8C00391A3F;
			productRefGroup = AC45D9C01CF2AE8C00391A3F /* Products */;
			projectDirPath = "";
			projectRoot = "";
			targets = (
				AC45D9BE1CF2AE8C00391A3F /* rayTracer */,
			);
		};
/* End PBXProject section */

/* Begin PBXSourcesBuildPhase section */
		AC45D9BB1CF2AE8C00391A3F /* Sources */ = {
			isa = PBXSourcesBuildPhase;
			buildActionMask = 2147483647;
			files = (
				AC58029F1CF626AF00F084BB /* ray.cpp in Sources */,
				AC45D9CA1CF2DFAE00391A3F /* vec3.h in Sources */,
				AC45D9C31CF2AE8D00391A3F /* main.cpp in Sources */,
				AC58029C1CF61E1A00F084BB /* vec3.cpp in Sources */,
			);
			runOnlyForDeploymentPostprocessing = 0;
		};
/* End PBXSourcesBuildPhase section */

/* Begin XCBuildConfiguration section */
		AC45D9C41CF2AE8D00391A3F /* Debug */ = {
			isa = XCBuildConfiguration;
			buildSettings = {
				ALWAYS_SEARCH_USER_PATHS = NO;
				CLANG_CXX_LANGUAGE_STANDARD = "gnu++0x";
				CLANG_CXX_LIBRARY = "libc++";
				CLANG_ENABLE_MODULES = YES;
				CLANG_ENABLE_OBJC_ARC = YES;
				CLANG_WARN_BOOL_CONVERSION = YES;
				CLANG_WARN_CONSTANT_CONVERSION = YES;
				CLANG_WARN_DIRECT_OBJC_ISA_USAGE = YES_ERROR;
				CLANG_WARN_EMPTY_BODY = YES;
				CLANG_WARN_ENUM_CONVERSION = YES;
				CLANG_WARN_INT_CONVERSION = YES;
				CLANG_WARN_OBJC_ROOT_CLASS = YES_ERROR;
				CLANG_WARN_UNREACHABLE_CODE = YES;
				CLANG_WARN__DUPLICATE_METHOD_MATCH = YES;
				CODE_SIGN_IDENTITY = "-";
				COPY_PHASE_STRIP = NO;
				DEBUG_INFORMATION_FORMAT = dwarf;
				ENABLE_STRICT_OBJC_MSGSEND = YES;
				ENABLE_TESTABILITY = YES;
				GCC_C_LANGUAGE_STANDARD = gnu99;
				GCC_DYNAMIC_NO_PIC = NO;
				GCC_NO_COMMON_BLOCKS = YES;
				GCC_OPTIMIZATION_LEVEL = 0;
				GCC_PREPROCESSOR_DEFINITIONS = (
					"DEBUG=1",
					"$(inherited)",
				);
				GCC_WARN_64_TO_32_BIT_CONVERSION = YES;
				GCC_WARN_ABOUT_RETURN_TYPE = YES_ERROR;
				GCC_WARN_UNDECLARED_SELECTOR = YES;
				GCC_WARN_UNINITIALIZED_AUTOS = YES_AGGRESSIVE;
				GCC_WARN_UNUSED_FUNCTION = YES;
				GCC_WARN_UNUSED_VARIABLE = YES;
				MACOSX_DEPLOYMENT_TARGET = 10.11;
				MTL_ENABLE_DEBUG_INFO = YES;
				ONLY_ACTIVE_ARCH = YES;
				SDKROOT = macosx;
			};
			name = Debug;
		};
		AC45D9C51CF2AE8D00391A3F /* Release */ = {
			isa = XCBuildConfiguration;
			buildSettings = {
				ALWAYS_SEARCH_USER_PATHS = NO;
				CLANG_CXX_LANGUAGE_STANDARD = "gnu++0x";
				CLANG_CXX_LIBRARY = "libc++";
				CLANG_ENABLE_MODULES = YES;
				CLANG_ENABLE_OBJC_ARC = YES;
				CLANG_WARN_BOOL_CONVERSION = YES;
				CLANG_WARN_CONSTANT_CONVERSION = YES;
				CLANG_WARN_DIRECT_OBJC_ISA_USAGE = YES_ERROR;
				CLANG_WARN_EMPTY_BODY = YES;
				CLANG_WARN_ENUM_CONVERSION = YES;
				CLANG_WARN_INT_CONVERSION = YES;
				CLANG_WARN_OBJC_ROOT_CLASS = YES_ERROR;
				CLANG_WARN_UNREACHABLE_CODE = YES;
				CLANG_WARN__DUPLICATE_METHOD_MATCH = YES;
				CODE_SIGN_IDENTITY = "-";
				COPY_PHASE_STRIP = NO;
				DEBUG_INFORMATION_FORMAT = "dwarf-with-dsym";
				ENABLE_NS_ASSERTIONS = NO;
				ENABLE_STRICT_OBJC_MSGSEND = YES;
				GCC_C_LANGUAGE_STANDARD = gnu99;
				GCC_NO_COMMON_BLOCKS = YES;
				GCC_WARN_64_TO_32_BIT_CONVERSION = YES;
				GCC_WARN_ABOUT_RETURN_TYPE = YES_ERROR;
				GCC_WARN_UNDECLARED_SELECTOR = YES;
				GCC_WARN_UNINITIALIZED_AUTOS = YES_AGGRESSIVE;
				GCC_WARN_UNUSED_FUNCTION = YES;
				GCC_WARN_UNUSED_VARIABLE = YES;
				MACOSX_DEPLOYMENT_TARGET = 10.11;
				MTL_ENABLE_DEBUG_INFO = NO;
				SDKROOT = macosx;
			};
			name = Release;
		};
		AC45D9C71CF2AE8D00391A3F /* Debug */ = {
			isa = XCBuildConfiguration;
			buildSettings = {
				PRODUCT_NAME = "$(TARGET_NAME)";
			};
			name = Debug;
		};
		AC45D9C81CF2AE8D00391A3F /* Release */ = {
			isa = XCBuildConfiguration;
			buildSettings = {
				PRODUCT_NAME = "$(TARGET_NAME)";
			};
			name = Release;
		};
/* End XCBuildConfiguration section */

/* Begin XCConfigurationList section */
		AC45D9BA1CF2AE8C00391A3F /* Build configuration list for PBXProject "rayTracer" */ = {
			isa = XCConfigurationList;
			buildConfigurations = (
				AC45D9C41CF2AE8D00391A3F /* Debug */,
				AC45D9C51CF2AE8D00391A3F /* Release */,
			);
			defaultConfigurationIsVisible = 0;
			defaultConfigurationName = Release;
		};
		AC45D9C61CF2AE8D00391A3F /* Build configuration list for PBXNativeTarget "rayTracer" */ = {
			isa = XCConfigurationList;
			buildConfigurations = (
				AC45D9C71CF2AE8D00391A3F /* Debug */,
				AC45D9C81CF2AE8D00391A3F /* Release */,
			);
			defaultConfigurationIsVisible = 0;
			defaultConfigurationName = Release;
		};
/* End XCConfigurationList section */
	};
	rootObject = AC45D9B71CF2AE8C00391A3F /* Project object */;
}
